
Microsoft Visual Studio Solution File, Format Version 12.00
# Visual Studio Version 16
VisualStudioVersion = 16.0.29519.181
MinimumVisualStudioVersion = 10.0.40219.1
Project("{FAE04EC0-301F-11D3-BF4B-00C04F79EFBC}") = "AppEvents", "AplicacionEventos\AppEvents.csproj", "{D4BF899C-5750-4EF3-B58D-8A53C9F9AAAC}"
EndProject
Project("{FAE04EC0-301F-11D3-BF4B-00C04F79EFBC}") = "EventService", "EventService\EventService.csproj", "{5B87D154-930F-433C-B829-D0CE98F2F380}"
EndProject
Project("{FAE04EC0-301F-11D3-BF4B-00C04F79EFBC}") = "EventDomain", "EventRepository\EventDomain.csproj", "{EA187BE1-4433-43D2-B703-E500C14C6019}"
EndProject
Project("{FAE04EC0-301F-11D3-BF4B-00C04F79EFBC}") = "EventValidator", "EventValidator\EventValidator.csproj", "{A15EB01F-C96F-4CFA-A1AF-55E111CF6C94}"
EndProject
Project("{FAE04EC0-301F-11D3-BF4B-00C04F79EFBC}") = "EventServiceUTests", "EventServiceUTests\EventServiceUTests.csproj", "{1FAD231C-E948-44D6-8E20-DC562926FAC0}"
EndProject
Project("{FAE04EC0-301F-11D3-BF4B-00C04F79EFBC}") = "Utils", "Utils\Utils.csproj", "{A3E34654-6A85-4372-B502-069FD24B85B6}"
EndProject
Project("{FAE04EC0-301F-11D3-BF4B-00C04F79EFBC}") = "EventValidatorUTests", "EventValidatorUTests3\EventValidatorUTests.csproj", "{CDCE3E47-71BC-4C0C-B5A9-8E0673FD123D}"
EndProject
Global
	GlobalSection(SolutionConfigurationPlatforms) = preSolution
		Debug|Any CPU = Debug|Any CPU
		Release|Any CPU = Release|Any CPU
	EndGlobalSection
	GlobalSection(ProjectConfigurationPlatforms) = postSolution
		{D4BF899C-5750-4EF3-B58D-8A53C9F9AAAC}.Debug|Any CPU.ActiveCfg = Debug|Any CPU
		{D4BF899C-5750-4EF3-B58D-8A53C9F9AAAC}.Debug|Any CPU.Build.0 = Debug|Any CPU
		{D4BF899C-5750-4EF3-B58D-8A53C9F9AAAC}.Release|Any CPU.ActiveCfg = Release|Any CPU
		{D4BF899C-5750-4EF3-B58D-8A53C9F9AAAC}.Release|Any CPU.Build.0 = Release|Any CPU
		{5B87D154-930F-433C-B829-D0CE98F2F380}.Debug|Any CPU.ActiveCfg = Debug|Any CPU
		{5B87D154-930F-433C-B829-D0CE98F2F380}.Debug|Any CPU.Build.0 = Debug|Any CPU
		{5B87D154-930F-433C-B829-D0CE98F2F380}.Release|Any CPU.ActiveCfg = Release|Any CPU
		{5B87D154-930F-433C-B829-D0CE98F2F380}.Release|Any CPU.Build.0 = Release|Any CPU
		{EA187BE1-4433-43D2-B703-E500C14C6019}.Debug|Any CPU.ActiveCfg = Debug|Any CPU
		{EA187BE1-4433-43D2-B703-E500C14C6019}.Debug|Any CPU.Build.0 = Debug|Any CPU
		{EA187BE1-4433-43D2-B703-E500C14C6019}.Release|Any CPU.ActiveCfg = Release|Any CPU
		{EA187BE1-4433-43D2-B703-E500C14C6019}.Release|Any CPU.Build.0 = Release|Any CPU
		{A15EB01F-C96F-4CFA-A1AF-55E111CF6C94}.Debug|Any CPU.ActiveCfg = Debug|Any CPU
		{A15EB01F-C96F-4CFA-A1AF-55E111CF6C94}.Debug|Any CPU.Build.0 = Debug|Any CPU
		{A15EB01F-C96F-4CFA-A1AF-55E111CF6C94}.Release|Any CPU.ActiveCfg = Release|Any CPU
		{A15EB01F-C96F-4CFA-A1AF-55E111CF6C94}.Release|Any CPU.Build.0 = Release|Any CPU
		{1FAD231C-E948-44D6-8E20-DC562926FAC0}.Debug|Any CPU.ActiveCfg = Debug|Any CPU
		{1FAD231C-E948-44D6-8E20-DC562926FAC0}.Debug|Any CPU.Build.0 = Debug|Any CPU
		{1FAD231C-E948-44D6-8E20-DC562926FAC0}.Release|Any CPU.ActiveCfg = Release|Any CPU
		{1FAD231C-E948-44D6-8E20-DC562926FAC0}.Release|Any CPU.Build.0 = Release|Any CPU
		{A3E34654-6A85-4372-B502-069FD24B85B6}.Debug|Any CPU.ActiveCfg = Debug|Any CPU
		{A3E34654-6A85-4372-B502-069FD24B85B6}.Debug|Any CPU.Build.0 = Debug|Any CPU
		{A3E34654-6A85-4372-B502-069FD24B85B6}.Release|Any CPU.ActiveCfg = Release|Any CPU
		{A3E34654-6A85-4372-B502-069FD24B85B6}.Release|Any CPU.Build.0 = Release|Any CPU
		{CDCE3E47-71BC-4C0C-B5A9-8E0673FD123D}.Debug|Any CPU.ActiveCfg = Debug|Any CPU
		{CDCE3E47-71BC-4C0C-B5A9-8E0673FD123D}.Debug|Any CPU.Build.0 = Debug|Any CPU
		{CDCE3E47-71BC-4C0C-B5A9-8E0673FD123D}.Release|Any CPU.ActiveCfg = Release|Any CPU
		{CDCE3E47-71BC-4C0C-B5A9-8E0673FD123D}.Release|Any CPU.Build.0 = Release|Any CPU
	EndGlobalSection
	GlobalSection(SolutionProperties) = preSolution
		HideSolutionNode = FALSE
	EndGlobalSection
	GlobalSection(ExtensibilityGlobals) = postSolution
		SolutionGuid = {771F0D65-1CC0-4DA4-81FD-AF74D5A9DCDF}
	EndGlobalSection
EndGlobal
